
Microsoft Visual Studio Solution File, Format Version 12.00
# Visual Studio Version 17
VisualStudioVersion = 17.9.34407.89
MinimumVisualStudioVersion = 10.0.40219.1
Project("{FAE04EC0-301F-11D3-BF4B-00C04F79EFBC}") = "Remove_Shortcut_Icon", "Remove_Shortcut_Icon.csproj", "{4F3127E4-4E4B-434A-BC16-4A4195164164}"
EndProject
Global
	GlobalSection(SolutionConfigurationPlatforms) = preSolution
		Debug|Any CPU = Debug|Any CPU
		Release|Any CPU = Release|Any CPU
	EndGlobalSection
	GlobalSection(ProjectConfigurationPlatforms) = postSolution
		{4F3127E4-4E4B-434A-BC16-4A4195164164}.Debug|Any CPU.ActiveCfg = Debug|Any CPU
		{4F3127E4-4E4B-434A-BC16-4A4195164164}.Debug|Any CPU.Build.0 = Debug|Any CPU
		{4F3127E4-4E4B-434A-BC16-4A4195164164}.Release|Any CPU.ActiveCfg = Release|Any CPU
		{4F3127E4-4E4B-434A-BC16-4A4195164164}.Release|Any CPU.Build.0 = Release|Any CPU
	EndGlobalSection
	GlobalSection(SolutionProperties) = preSolution
		HideSolutionNode = FALSE
	EndGlobalSection
	GlobalSection(ExtensibilityGlobals) = postSolution
		SolutionGuid = {37F1C066-BE30-4D1F-BDD0-E254D6011D87}
	EndGlobalSection
EndGlobal
