
Microsoft Visual Studio Solution File, Format Version 12.00
# Visual Studio Version 17
VisualStudioVersion = 17.9.34407.89
MinimumVisualStudioVersion = 10.0.40219.1
Project("{FAE04EC0-301F-11D3-BF4B-00C04F79EFBC}") = "Remove_Shortcut_Icon", "Remove_Shortcut_Icon.csproj", "{C21496F7-BC4E-454D-B41A-6514B8E74337}"
EndProject
Global
	GlobalSection(SolutionConfigurationPlatforms) = preSolution
		Debug|Any CPU = Debug|Any CPU
		Release|Any CPU = Release|Any CPU
	EndGlobalSection
	GlobalSection(ProjectConfigurationPlatforms) = postSolution
		{C21496F7-BC4E-454D-B41A-6514B8E74337}.Debug|Any CPU.ActiveCfg = Debug|Any CPU
		{C21496F7-BC4E-454D-B41A-6514B8E74337}.Debug|Any CPU.Build.0 = Debug|Any CPU
		{C21496F7-BC4E-454D-B41A-6514B8E74337}.Release|Any CPU.ActiveCfg = Release|Any CPU
		{C21496F7-BC4E-454D-B41A-6514B8E74337}.Release|Any CPU.Build.0 = Release|Any CPU
	EndGlobalSection
	GlobalSection(SolutionProperties) = preSolution
		HideSolutionNode = FALSE
	EndGlobalSection
	GlobalSection(ExtensibilityGlobals) = postSolution
		SolutionGuid = {2104A238-78B9-4509-A4CC-4915C2509480}
	EndGlobalSection
EndGlobal
